
Microsoft Visual Studio Solution File, Format Version 11.00
# Visual Studio 2010
Project("{FAE04EC0-301F-11D3-BF4B-00C04F79EFBC}") = "AccountInfo", "AccountInfo\AccountInfo.csproj", "{EDA06108-9D78-44D2-BBBE-8BD4F1153FB7}"
EndProject
Project("{FAE04EC0-301F-11D3-BF4B-00C04F79EFBC}") = "BaseLib", "BaseLib\BaseLib.csproj", "{85977246-DE21-44CC-B798-EE7CACEF001F}"
EndProject
Project("{FAE04EC0-301F-11D3-BF4B-00C04F79EFBC}") = "ComposeMessage", "ComposeMessage\ComposeMessage.csproj", "{A8757BA8-1DA5-42D9-BD96-1CB28E418842}"
EndProject
Project("{FAE04EC0-301F-11D3-BF4B-00C04F79EFBC}") = "InBoardPro", "InBoardPro\InBoardPro.csproj", "{48A74B94-F148-43F4-B4AE-800DB43C8B53}"
EndProject
Project("{FAE04EC0-301F-11D3-BF4B-00C04F79EFBC}") = "ProfileManager", "ProfileManager\ProfileManager.csproj", "{58ADBE1A-6234-47DE-95E6-3B8306320F75}"
EndProject
Project("{FAE04EC0-301F-11D3-BF4B-00C04F79EFBC}") = "ManageConnections", "ManageConnections\ManageConnections.csproj", "{7EFB9F4F-FB83-4CAB-A8DB-70E498A9EDFE}"
EndProject
Project("{FAE04EC0-301F-11D3-BF4B-00C04F79EFBC}") = "Groups", "Groups\Groups.csproj", "{1B89BAAB-B36A-4635-8F94-786D806D1EF1}"
EndProject
Project("{FAE04EC0-301F-11D3-BF4B-00C04F79EFBC}") = "Others", "Others\Others.csproj", "{4ABC2E9B-5A1C-441E-BB16-6F7CA74295CE}"
EndProject
Project("{FAE04EC0-301F-11D3-BF4B-00C04F79EFBC}") = "Campaign", "Campaign\Campaign.csproj", "{1206D493-6BE6-4D39-87BA-F00FED46E6B5}"
EndProject
Project("{FAE04EC0-301F-11D3-BF4B-00C04F79EFBC}") = "InBoardProGetData", "InBoardProGetData\InBoardProGetData.csproj", "{7F188A05-3B53-40FB-9999-B0E9D2211697}"
EndProject
Global
	GlobalSection(SolutionConfigurationPlatforms) = preSolution
		Debug|Any CPU = Debug|Any CPU
		Debug|Itanium = Debug|Itanium
		Debug|Mixed Platforms = Debug|Mixed Platforms
		Debug|x64 = Debug|x64
		Debug|x86 = Debug|x86
		Release|Any CPU = Release|Any CPU
		Release|Itanium = Release|Itanium
		Release|Mixed Platforms = Release|Mixed Platforms
		Release|x64 = Release|x64
		Release|x86 = Release|x86
	EndGlobalSection
	GlobalSection(ProjectConfigurationPlatforms) = postSolution
		{EDA06108-9D78-44D2-BBBE-8BD4F1153FB7}.Debug|Any CPU.ActiveCfg = Debug|Any CPU
		{EDA06108-9D78-44D2-BBBE-8BD4F1153FB7}.Debug|Any CPU.Build.0 = Debug|Any CPU
		{EDA06108-9D78-44D2-BBBE-8BD4F1153FB7}.Debug|Itanium.ActiveCfg = Debug|Any CPU
		{EDA06108-9D78-44D2-BBBE-8BD4F1153FB7}.Debug|Itanium.Build.0 = Debug|Any CPU
		{EDA06108-9D78-44D2-BBBE-8BD4F1153FB7}.Debug|Mixed Platforms.ActiveCfg = Debug|x86
		{EDA06108-9D78-44D2-BBBE-8BD4F1153FB7}.Debug|Mixed Platforms.Build.0 = Debug|x86
		{EDA06108-9D78-44D2-BBBE-8BD4F1153FB7}.Debug|x64.ActiveCfg = Debug|Any CPU
		{EDA06108-9D78-44D2-BBBE-8BD4F1153FB7}.Debug|x86.ActiveCfg = Debug|x86
		{EDA06108-9D78-44D2-BBBE-8BD4F1153FB7}.Release|Any CPU.ActiveCfg = Release|Any CPU
		{EDA06108-9D78-44D2-BBBE-8BD4F1153FB7}.Release|Any CPU.Build.0 = Release|Any CPU
		{EDA06108-9D78-44D2-BBBE-8BD4F1153FB7}.Release|Itanium.ActiveCfg = Release|Any CPU
		{EDA06108-9D78-44D2-BBBE-8BD4F1153FB7}.Release|Mixed Platforms.ActiveCfg = Release|x86
		{EDA06108-9D78-44D2-BBBE-8BD4F1153FB7}.Release|Mixed Platforms.Build.0 = Release|x86
		{EDA06108-9D78-44D2-BBBE-8BD4F1153FB7}.Release|x64.ActiveCfg = Release|Any CPU
		{EDA06108-9D78-44D2-BBBE-8BD4F1153FB7}.Release|x86.ActiveCfg = Release|Any CPU
		{85977246-DE21-44CC-B798-EE7CACEF001F}.Debug|Any CPU.ActiveCfg = Debug|Any CPU
		{85977246-DE21-44CC-B798-EE7CACEF001F}.Debug|Any CPU.Build.0 = Debug|Any CPU
		{85977246-DE21-44CC-B798-EE7CACEF001F}.Debug|Itanium.ActiveCfg = Debug|Any CPU
		{85977246-DE21-44CC-B798-EE7CACEF001F}.Debug|Itanium.Build.0 = Debug|Any CPU
		{85977246-DE21-44CC-B798-EE7CACEF001F}.Debug|Mixed Platforms.ActiveCfg = Debug|x86
		{85977246-DE21-44CC-B798-EE7CACEF001F}.Debug|Mixed Platforms.Build.0 = Debug|x86
		{85977246-DE21-44CC-B798-EE7CACEF001F}.Debug|x64.ActiveCfg = Debug|Any CPU
		{85977246-DE21-44CC-B798-EE7CACEF001F}.Debug|x86.ActiveCfg = Debug|x86
		{85977246-DE21-44CC-B798-EE7CACEF001F}.Release|Any CPU.ActiveCfg = Release|Any CPU
		{85977246-DE21-44CC-B798-EE7CACEF001F}.Release|Any CPU.Build.0 = Release|Any CPU
		{85977246-DE21-44CC-B798-EE7CACEF001F}.Release|Itanium.ActiveCfg = Release|Any CPU
		{85977246-DE21-44CC-B798-EE7CACEF001F}.Release|Mixed Platforms.ActiveCfg = Release|x86
		{85977246-DE21-44CC-B798-EE7CACEF001F}.Release|Mixed Platforms.Build.0 = Release|x86
		{85977246-DE21-44CC-B798-EE7CACEF001F}.Release|x64.ActiveCfg = Release|Any CPU
		{85977246-DE21-44CC-B798-EE7CACEF001F}.Release|x86.ActiveCfg = Release|Any CPU
		{A8757BA8-1DA5-42D9-BD96-1CB28E418842}.Debug|Any CPU.ActiveCfg = Debug|Any CPU
		{A8757BA8-1DA5-42D9-BD96-1CB28E418842}.Debug|Any CPU.Build.0 = Debug|Any CPU
		{A8757BA8-1DA5-42D9-BD96-1CB28E418842}.Debug|Itanium.ActiveCfg = Debug|Any CPU
		{A8757BA8-1DA5-42D9-BD96-1CB28E418842}.Debug|Itanium.Build.0 = Debug|Any CPU
		{A8757BA8-1DA5-42D9-BD96-1CB28E418842}.Debug|Mixed Platforms.ActiveCfg = Debug|x86
		{A8757BA8-1DA5-42D9-BD96-1CB28E418842}.Debug|Mixed Platforms.Build.0 = Debug|x86
		{A8757BA8-1DA5-42D9-BD96-1CB28E418842}.Debug|x64.ActiveCfg = Debug|Itanium
		{A8757BA8-1DA5-42D9-BD96-1CB28E418842}.Debug|x86.ActiveCfg = Debug|x86
		{A8757BA8-1DA5-42D9-BD96-1CB28E418842}.Release|Any CPU.ActiveCfg = Release|Any CPU
		{A8757BA8-1DA5-42D9-BD96-1CB28E418842}.Release|Any CPU.Build.0 = Release|Any CPU
		{A8757BA8-1DA5-42D9-BD96-1CB28E418842}.Release|Itanium.ActiveCfg = Release|Itanium
		{A8757BA8-1DA5-42D9-BD96-1CB28E418842}.Release|Itanium.Build.0 = Release|Itanium
		{A8757BA8-1DA5-42D9-BD96-1CB28E418842}.Release|Mixed Platforms.ActiveCfg = Release|x86
		{A8757BA8-1DA5-42D9-BD96-1CB28E418842}.Release|Mixed Platforms.Build.0 = Release|x86
		{A8757BA8-1DA5-42D9-BD96-1CB28E418842}.Release|x64.ActiveCfg = Release|Itanium
		{A8757BA8-1DA5-42D9-BD96-1CB28E418842}.Release|x86.ActiveCfg = Release|Itanium
		{48A74B94-F148-43F4-B4AE-800DB43C8B53}.Debug|Any CPU.ActiveCfg = Debug|x86
		{48A74B94-F148-43F4-B4AE-800DB43C8B53}.Debug|Itanium.ActiveCfg = Debug|x86
		{48A74B94-F148-43F4-B4AE-800DB43C8B53}.Debug|Itanium.Build.0 = Debug|x86
		{48A74B94-F148-43F4-B4AE-800DB43C8B53}.Debug|Mixed Platforms.ActiveCfg = Debug|x86
		{48A74B94-F148-43F4-B4AE-800DB43C8B53}.Debug|Mixed Platforms.Build.0 = Debug|x86
		{48A74B94-F148-43F4-B4AE-800DB43C8B53}.Debug|x64.ActiveCfg = Debug|x86
		{48A74B94-F148-43F4-B4AE-800DB43C8B53}.Debug|x86.ActiveCfg = Debug|x86
		{48A74B94-F148-43F4-B4AE-800DB43C8B53}.Debug|x86.Build.0 = Debug|x86
		{48A74B94-F148-43F4-B4AE-800DB43C8B53}.Release|Any CPU.ActiveCfg = Release|x86
		{48A74B94-F148-43F4-B4AE-800DB43C8B53}.Release|Itanium.ActiveCfg = Release|x86
		{48A74B94-F148-43F4-B4AE-800DB43C8B53}.Release|Mixed Platforms.ActiveCfg = Release|x86
		{48A74B94-F148-43F4-B4AE-800DB43C8B53}.Release|Mixed Platforms.Build.0 = Release|x86
		{48A74B94-F148-43F4-B4AE-800DB43C8B53}.Release|x64.ActiveCfg = Release|x86
		{48A74B94-F148-43F4-B4AE-800DB43C8B53}.Release|x86.ActiveCfg = Release|x86
		{48A74B94-F148-43F4-B4AE-800DB43C8B53}.Release|x86.Build.0 = Release|x86
		{58ADBE1A-6234-47DE-95E6-3B8306320F75}.Debug|Any CPU.ActiveCfg = Debug|Any CPU
		{58ADBE1A-6234-47DE-95E6-3B8306320F75}.Debug|Any CPU.Build.0 = Debug|Any CPU
		{58ADBE1A-6234-47DE-95E6-3B8306320F75}.Debug|Itanium.ActiveCfg = Debug|Any CPU
		{58ADBE1A-6234-47DE-95E6-3B8306320F75}.Debug|Itanium.Build.0 = Debug|Any CPU
		{58ADBE1A-6234-47DE-95E6-3B8306320F75}.Debug|Mixed Platforms.ActiveCfg = Debug|x86
		{58ADBE1A-6234-47DE-95E6-3B8306320F75}.Debug|Mixed Platforms.Build.0 = Debug|x86
		{58ADBE1A-6234-47DE-95E6-3B8306320F75}.Debug|x64.ActiveCfg = Debug|Any CPU
		{58ADBE1A-6234-47DE-95E6-3B8306320F75}.Debug|x86.ActiveCfg = Debug|x86
		{58ADBE1A-6234-47DE-95E6-3B8306320F75}.Release|Any CPU.ActiveCfg = Release|Any CPU
		{58ADBE1A-6234-47DE-95E6-3B8306320F75}.Release|Any CPU.Build.0 = Release|Any CPU
		{58ADBE1A-6234-47DE-95E6-3B8306320F75}.Release|Itanium.ActiveCfg = Release|Any CPU
		{58ADBE1A-6234-47DE-95E6-3B8306320F75}.Release|Mixed Platforms.ActiveCfg = Release|x86
		{58ADBE1A-6234-47DE-95E6-3B8306320F75}.Release|Mixed Platforms.Build.0 = Release|x86
		{58ADBE1A-6234-47DE-95E6-3B8306320F75}.Release|x64.ActiveCfg = Release|Any CPU
		{58ADBE1A-6234-47DE-95E6-3B8306320F75}.Release|x86.ActiveCfg = Release|Any CPU
		{7EFB9F4F-FB83-4CAB-A8DB-70E498A9EDFE}.Debug|Any CPU.ActiveCfg = Debug|Any CPU
		{7EFB9F4F-FB83-4CAB-A8DB-70E498A9EDFE}.Debug|Any CPU.Build.0 = Debug|Any CPU
		{7EFB9F4F-FB83-4CAB-A8DB-70E498A9EDFE}.Debug|Itanium.ActiveCfg = Debug|Any CPU
		{7EFB9F4F-FB83-4CAB-A8DB-70E498A9EDFE}.Debug|Itanium.Build.0 = Debug|Any CPU
		{7EFB9F4F-FB83-4CAB-A8DB-70E498A9EDFE}.Debug|Mixed Platforms.ActiveCfg = Debug|x86
		{7EFB9F4F-FB83-4CAB-A8DB-70E498A9EDFE}.Debug|Mixed Platforms.Build.0 = Debug|x86
		{7EFB9F4F-FB83-4CAB-A8DB-70E498A9EDFE}.Debug|x64.ActiveCfg = Debug|Any CPU
		{7EFB9F4F-FB83-4CAB-A8DB-70E498A9EDFE}.Debug|x86.ActiveCfg = Debug|x86
		{7EFB9F4F-FB83-4CAB-A8DB-70E498A9EDFE}.Release|Any CPU.ActiveCfg = Release|Any CPU
		{7EFB9F4F-FB83-4CAB-A8DB-70E498A9EDFE}.Release|Any CPU.Build.0 = Release|Any CPU
		{7EFB9F4F-FB83-4CAB-A8DB-70E498A9EDFE}.Release|Itanium.ActiveCfg = Release|Any CPU
		{7EFB9F4F-FB83-4CAB-A8DB-70E498A9EDFE}.Release|Mixed Platforms.ActiveCfg = Release|x86
		{7EFB9F4F-FB83-4CAB-A8DB-70E498A9EDFE}.Release|Mixed Platforms.Build.0 = Release|x86
		{7EFB9F4F-FB83-4CAB-A8DB-70E498A9EDFE}.Release|x64.ActiveCfg = Release|Any CPU
		{7EFB9F4F-FB83-4CAB-A8DB-70E498A9EDFE}.Release|x86.ActiveCfg = Release|Any CPU
		{1B89BAAB-B36A-4635-8F94-786D806D1EF1}.Debug|Any CPU.ActiveCfg = Debug|Any CPU
		{1B89BAAB-B36A-4635-8F94-786D806D1EF1}.Debug|Any CPU.Build.0 = Debug|Any CPU
		{1B89BAAB-B36A-4635-8F94-786D806D1EF1}.Debug|Itanium.ActiveCfg = Debug|x86
		{1B89BAAB-B36A-4635-8F94-786D806D1EF1}.Debug|Mixed Platforms.ActiveCfg = Debug|x86
		{1B89BAAB-B36A-4635-8F94-786D806D1EF1}.Debug|Mixed Platforms.Build.0 = Debug|x86
		{1B89BAAB-B36A-4635-8F94-786D806D1EF1}.Debug|x64.ActiveCfg = Debug|x64
		{1B89BAAB-B36A-4635-8F94-786D806D1EF1}.Debug|x64.Build.0 = Debug|x64
		{1B89BAAB-B36A-4635-8F94-786D806D1EF1}.Debug|x86.ActiveCfg = Debug|x86
		{1B89BAAB-B36A-4635-8F94-786D806D1EF1}.Debug|x86.Build.0 = Debug|x86
		{1B89BAAB-B36A-4635-8F94-786D806D1EF1}.Release|Any CPU.ActiveCfg = Release|Any CPU
		{1B89BAAB-B36A-4635-8F94-786D806D1EF1}.Release|Any CPU.Build.0 = Release|Any CPU
		{1B89BAAB-B36A-4635-8F94-786D806D1EF1}.Release|Itanium.ActiveCfg = Release|x86
		{1B89BAAB-B36A-4635-8F94-786D806D1EF1}.Release|Mixed Platforms.ActiveCfg = Release|x86
		{1B89BAAB-B36A-4635-8F94-786D806D1EF1}.Release|Mixed Platforms.Build.0 = Release|x86
		{1B89BAAB-B36A-4635-8F94-786D806D1EF1}.Release|x64.ActiveCfg = Release|x64
		{1B89BAAB-B36A-4635-8F94-786D806D1EF1}.Release|x64.Build.0 = Release|x64
		{1B89BAAB-B36A-4635-8F94-786D806D1EF1}.Release|x86.ActiveCfg = Release|x86
		{1B89BAAB-B36A-4635-8F94-786D806D1EF1}.Release|x86.Build.0 = Release|x86
		{4ABC2E9B-5A1C-441E-BB16-6F7CA74295CE}.Debug|Any CPU.ActiveCfg = Debug|Any CPU
		{4ABC2E9B-5A1C-441E-BB16-6F7CA74295CE}.Debug|Any CPU.Build.0 = Debug|Any CPU
		{4ABC2E9B-5A1C-441E-BB16-6F7CA74295CE}.Debug|Itanium.ActiveCfg = Debug|x86
		{4ABC2E9B-5A1C-441E-BB16-6F7CA74295CE}.Debug|Mixed Platforms.ActiveCfg = Debug|x86
		{4ABC2E9B-5A1C-441E-BB16-6F7CA74295CE}.Debug|Mixed Platforms.Build.0 = Debug|x86
		{4ABC2E9B-5A1C-441E-BB16-6F7CA74295CE}.Debug|x64.ActiveCfg = Debug|x64
		{4ABC2E9B-5A1C-441E-BB16-6F7CA74295CE}.Debug|x64.Build.0 = Debug|x64
		{4ABC2E9B-5A1C-441E-BB16-6F7CA74295CE}.Debug|x86.ActiveCfg = Debug|x86
		{4ABC2E9B-5A1C-441E-BB16-6F7CA74295CE}.Debug|x86.Build.0 = Debug|x86
		{4ABC2E9B-5A1C-441E-BB16-6F7CA74295CE}.Release|Any CPU.ActiveCfg = Release|Any CPU
		{4ABC2E9B-5A1C-441E-BB16-6F7CA74295CE}.Release|Any CPU.Build.0 = Release|Any CPU
		{4ABC2E9B-5A1C-441E-BB16-6F7CA74295CE}.Release|Itanium.ActiveCfg = Release|x86
		{4ABC2E9B-5A1C-441E-BB16-6F7CA74295CE}.Release|Mixed Platforms.ActiveCfg = Release|x86
		{4ABC2E9B-5A1C-441E-BB16-6F7CA74295CE}.Release|Mixed Platforms.Build.0 = Release|x86
		{4ABC2E9B-5A1C-441E-BB16-6F7CA74295CE}.Release|x64.ActiveCfg = Release|x64
		{4ABC2E9B-5A1C-441E-BB16-6F7CA74295CE}.Release|x64.Build.0 = Release|x64
		{4ABC2E9B-5A1C-441E-BB16-6F7CA74295CE}.Release|x86.ActiveCfg = Release|x86
		{4ABC2E9B-5A1C-441E-BB16-6F7CA74295CE}.Release|x86.Build.0 = Release|x86
		{1206D493-6BE6-4D39-87BA-F00FED46E6B5}.Debug|Any CPU.ActiveCfg = Debug|x64
		{1206D493-6BE6-4D39-87BA-F00FED46E6B5}.Debug|Itanium.ActiveCfg = Debug|x64
		{1206D493-6BE6-4D39-87BA-F00FED46E6B5}.Debug|Mixed Platforms.ActiveCfg = Debug|x86
		{1206D493-6BE6-4D39-87BA-F00FED46E6B5}.Debug|Mixed Platforms.Build.0 = Debug|x86
		{1206D493-6BE6-4D39-87BA-F00FED46E6B5}.Debug|x64.ActiveCfg = Debug|x64
		{1206D493-6BE6-4D39-87BA-F00FED46E6B5}.Debug|x64.Build.0 = Debug|x64
		{1206D493-6BE6-4D39-87BA-F00FED46E6B5}.Debug|x86.ActiveCfg = Debug|x86
		{1206D493-6BE6-4D39-87BA-F00FED46E6B5}.Debug|x86.Build.0 = Debug|x86
		{1206D493-6BE6-4D39-87BA-F00FED46E6B5}.Release|Any CPU.ActiveCfg = Release|x64
		{1206D493-6BE6-4D39-87BA-F00FED46E6B5}.Release|Itanium.ActiveCfg = Release|x64
		{1206D493-6BE6-4D39-87BA-F00FED46E6B5}.Release|Mixed Platforms.ActiveCfg = Release|x86
		{1206D493-6BE6-4D39-87BA-F00FED46E6B5}.Release|Mixed Platforms.Build.0 = Release|x86
		{1206D493-6BE6-4D39-87BA-F00FED46E6B5}.Release|x64.ActiveCfg = Release|x64
		{1206D493-6BE6-4D39-87BA-F00FED46E6B5}.Release|x64.Build.0 = Release|x64
		{1206D493-6BE6-4D39-87BA-F00FED46E6B5}.Release|x86.ActiveCfg = Release|x86
		{1206D493-6BE6-4D39-87BA-F00FED46E6B5}.Release|x86.Build.0 = Release|x86
		{7F188A05-3B53-40FB-9999-B0E9D2211697}.Debug|Any CPU.ActiveCfg = Debug|Any CPU
		{7F188A05-3B53-40FB-9999-B0E9D2211697}.Debug|Any CPU.Build.0 = Debug|Any CPU
		{7F188A05-3B53-40FB-9999-B0E9D2211697}.Debug|Itanium.ActiveCfg = Debug|x86
		{7F188A05-3B53-40FB-9999-B0E9D2211697}.Debug|Mixed Platforms.ActiveCfg = Debug|x86
		{7F188A05-3B53-40FB-9999-B0E9D2211697}.Debug|Mixed Platforms.Build.0 = Debug|x86
		{7F188A05-3B53-40FB-9999-B0E9D2211697}.Debug|x64.ActiveCfg = Debug|x64
		{7F188A05-3B53-40FB-9999-B0E9D2211697}.Debug|x64.Build.0 = Debug|x64
		{7F188A05-3B53-40FB-9999-B0E9D2211697}.Debug|x86.ActiveCfg = Debug|x86
		{7F188A05-3B53-40FB-9999-B0E9D2211697}.Debug|x86.Build.0 = Debug|x86
		{7F188A05-3B53-40FB-9999-B0E9D2211697}.Release|Any CPU.ActiveCfg = Release|Any CPU
		{7F188A05-3B53-40FB-9999-B0E9D2211697}.Release|Any CPU.Build.0 = Release|Any CPU
		{7F188A05-3B53-40FB-9999-B0E9D2211697}.Release|Itanium.ActiveCfg = Release|x86
		{7F188A05-3B53-40FB-9999-B0E9D2211697}.Release|Mixed Platforms.ActiveCfg = Release|x86
		{7F188A05-3B53-40FB-9999-B0E9D2211697}.Release|Mixed Platforms.Build.0 = Release|x86
		{7F188A05-3B53-40FB-9999-B0E9D2211697}.Release|x64.ActiveCfg = Release|x64
		{7F188A05-3B53-40FB-9999-B0E9D2211697}.Release|x64.Build.0 = Release|x64
		{7F188A05-3B53-40FB-9999-B0E9D2211697}.Release|x86.ActiveCfg = Release|x86
		{7F188A05-3B53-40FB-9999-B0E9D2211697}.Release|x86.Build.0 = Release|x86
	EndGlobalSection
	GlobalSection(SolutionProperties) = preSolution
		HideSolutionNode = FALSE
	EndGlobalSection
EndGlobal
